<?xml version="1.0" encoding="utf-8"?>
<Project ToolsVersion="4.0" xmlns="http://schemas.microsoft.com/developer/msbuild/2003">
  <ItemGroup>
    <Filter Include="Source Files">
      <UniqueIdentifier>{4FC737F1-C7A5-4376-A066-2A32D752A2FF}</UniqueIdentifier>
      <Extensions>cpp;c;cc;cxx;def;odl;idl;hpj;bat;asm;asmx</Extensions>
    </Filter>
    <Filter Include="Header Files">
      <UniqueIdentifier>{93995380-89BD-4b04-88EB-625FBE52EBFB}</UniqueIdentifier>
      <Extensions>h;hh;hpp;hxx;hm;inl;inc;xsd</Extensions>
    </Filter>
    <Filter Include="Resource Files">
      <UniqueIdentifier>{67DA6AB6-F800-4c08-8B7A-83BB121AAD01}</UniqueIdentifier>
      <Extensions>rc;ico;cur;bmp;dlg;rc2;rct;bin;rgs;gif;jpg;jpeg;jpe;resx;tiff;tif;png;wav;mfcribbon-ms</Extensions>
    </Filter>
    <Filter Include="Header Files\jni">
      <UniqueIdentifier>{0841b3db-d5c9-48cd-b888-915528df8e9b}</UniqueIdentifier>
    </Filter>
    <Filter Include="Source Files\jni">
      <UniqueIdentifier>{ffc4652a-2f73-4f86-ba63-b09cac80f004}</UniqueIdentifier>
    </Filter>
    <Filter Include="Header Files\services">
      <UniqueIdentifier>{12e194dc-3865-455a-8d10-28dedfb215ac}</UniqueIdentifier>
    </Filter>
    <Filter Include="Source Files\services">
      <UniqueIdentifier>{b9930c63-4bb1-414b-9b5c-cdec79588fe0}</UniqueIdentifier>
    </Filter>
    <Filter Include="Header Files\types">
      <UniqueIdentifier>{40c72b76-3225-4230-97de-b64dbfb20713}</UniqueIdentifier>
    </Filter>
    <Filter Include="Source Files\types">
      <UniqueIdentifier>{ef4d6177-434f-464d-907c-f2d08a072cdc}</UniqueIdentifier>
    </Filter>
    <Filter Include="Header Files\utils">
      <UniqueIdentifier>{66fc0e74-2854-49f4-a0fe-17a617bc9c82}</UniqueIdentifier>
    </Filter>
    <Filter Include="Source Files\utils">
      <UniqueIdentifier>{518167ae-eb67-4953-915a-334e9d1487a8}</UniqueIdentifier>
    </Filter>
  </ItemGroup>
  <ItemGroup>
    <ClInclude Include="..\..\..\..\src\cpp\hla13\src\jni\org_portico_impl_cpp13_ExceptionManager.h">
      <Filter>Header Files\jni</Filter>
    </ClInclude>
    <ClInclude Include="..\..\..\..\src\cpp\hla13\src\jni\org_portico_impl_cpp13_FederateAmbassadorLink.h">
      <Filter>Header Files\jni</Filter>
    </ClInclude>
    <ClInclude Include="..\..\..\..\src\cpp\hla13\src\jni\Runtime.h">
      <Filter>Header Files\jni</Filter>
    </ClInclude>
    <ClInclude Include="..\..\..\..\src\cpp\hla13\src\jni\JavaRTI.h">
      <Filter>Header Files\jni</Filter>
    </ClInclude>
    <ClInclude Include="..\..\..\..\src\cpp\hla13\src\services\HLA13Private.h">
      <Filter>Header Files\services</Filter>
    </ClInclude>
    <ClInclude Include="..\..\..\..\src\cpp\hla13\src\services\HLA13Common.h">
      <Filter>Header Files\services</Filter>
    </ClInclude>
    <ClInclude Include="..\..\..\..\src\cpp\hla13\src\types\Region.h">
      <Filter>Header Files\types</Filter>
    </ClInclude>
    <ClInclude Include="..\..\..\..\src\cpp\hla13\src\types\AttributeHandleSet.h">
      <Filter>Header Files\types</Filter>
    </ClInclude>
    <ClInclude Include="..\..\..\..\src\cpp\hla13\src\types\AttributeHandleValuePairSet.h">
      <Filter>Header Files\types</Filter>
    </ClInclude>
    <ClInclude Include="..\..\..\..\src\cpp\hla13\src\types\FederateHandleSet.h">
      <Filter>Header Files\types</Filter>
    </ClInclude>
    <ClInclude Include="..\..\..\..\src\cpp\hla13\src\types\GenericHandleValuePair.h">
      <Filter>Header Files\types</Filter>
    </ClInclude>
    <ClInclude Include="..\..\..\..\src\cpp\hla13\src\types\ParameterHandleValuePairSet.h">
      <Filter>Header Files\types</Filter>
    </ClInclude>
    <ClInclude Include="..\..\..\..\src\cpp\hla13\src\common.h">
      <Filter>Header Files</Filter>
    </ClInclude>
    <ClInclude Include="..\..\..\..\src\cpp\hla13\src\utils\ExceptionHacks.h">
      <Filter>Header Files\utils</Filter>
    </ClInclude>
    <ClInclude Include="..\..\..\..\src\cpp\hla13\src\utils\Logger.h">
      <Filter>Header Files\utils</Filter>
    </ClInclude>
  </ItemGroup>
  <ItemGroup>
    <ClCompile Include="..\..\..\..\src\cpp\hla13\src\jni\Runtime.cpp">
      <Filter>Source Files\jni</Filter>
    </ClCompile>
    <ClCompile Include="..\..\..\..\src\cpp\hla13\src\jni\ExceptionManager.cpp">
      <Filter>Source Files\jni</Filter>
    </ClCompile>
    <ClCompile Include="..\..\..\..\src\cpp\hla13\src\jni\FederateAmbassadorLink.cpp">
      <Filter>Source Files\jni</Filter>
    </ClCompile>
    <ClCompile Include="..\..\..\..\src\cpp\hla13\src\jni\JavaRTI.cpp">
      <Filter>Source Files\jni</Filter>
    </ClCompile>
    <ClCompile Include="..\..\..\..\src\cpp\hla13\src\services\HLA13Private.cpp">
      <Filter>Source Files\services</Filter>
    </ClCompile>
    <ClCompile Include="..\..\..\..\src\cpp\hla13\src\services\HLA13Support.cpp">
      <Filter>Source Files\services</Filter>
    </ClCompile>
    <ClCompile Include="..\..\..\..\src\cpp\hla13\src\services\HLA13TimeManagement.cpp">
      <Filter>Source Files\services</Filter>
    </ClCompile>
    <ClCompile Include="..\..\..\..\src\cpp\hla13\src\services\HLA13Constructors.cpp">
      <Filter>Source Files\services</Filter>
    </ClCompile>
    <ClCompile Include="..\..\..\..\src\cpp\hla13\src\services\HLA13DDM.cpp">
      <Filter>Source Files\services</Filter>
    </ClCompile>
    <ClCompile Include="..\..\..\..\src\cpp\hla13\src\services\HLA13DeclarationManagement.cpp">
      <Filter>Source Files\services</Filter>
    </ClCompile>
    <ClCompile Include="..\..\..\..\src\cpp\hla13\src\services\HLA13FederationManagement.cpp">
      <Filter>Source Files\services</Filter>
    </ClCompile>
    <ClCompile Include="..\..\..\..\src\cpp\hla13\src\services\HLA13ObjectManagement.cpp">
      <Filter>Source Files\services</Filter>
    </ClCompile>
    <ClCompile Include="..\..\..\..\src\cpp\hla13\src\services\HLA13OwnershipManagement.cpp">
      <Filter>Source Files\services</Filter>
    </ClCompile>
    <ClCompile Include="..\..\..\..\src\cpp\hla13\src\types\Region.cpp">
      <Filter>Source Files\types</Filter>
    </ClCompile>
    <ClCompile Include="..\..\..\..\src\cpp\hla13\src\types\AttributeHandleSet.cpp">
      <Filter>Source Files\types</Filter>
    </ClCompile>
    <ClCompile Include="..\..\..\..\src\cpp\hla13\src\types\AttributeHandleValuePairSet.cpp">
      <Filter>Source Files\types</Filter>
    </ClCompile>
    <ClCompile Include="..\..\..\..\src\cpp\hla13\src\types\Exception.cpp">
      <Filter>Source Files\types</Filter>
    </ClCompile>
    <ClCompile Include="..\..\..\..\src\cpp\hla13\src\types\Factories.cpp">
      <Filter>Source Files\types</Filter>
    </ClCompile>
    <ClCompile Include="..\..\..\..\src\cpp\hla13\src\types\FederateHandleSet.cpp">
      <Filter>Source Files\types</Filter>
    </ClCompile>
    <ClCompile Include="..\..\..\..\src\cpp\hla13\src\types\GenericHandleValuePair.cpp">
      <Filter>Source Files\types</Filter>
    </ClCompile>
    <ClCompile Include="..\..\..\..\src\cpp\hla13\src\types\ParameterHandleValuePairSet.cpp">
      <Filter>Source Files\types</Filter>
    </ClCompile>
    <ClCompile Include="..\..\..\..\src\cpp\hla13\src\globals.cpp">
      <Filter>Source Files</Filter>
    </ClCompile>
    <ClCompile Include="..\..\..\..\src\cpp\hla13\src\utils\ExceptionHacks.cpp">
      <Filter>Source Files\utils</Filter>
    </ClCompile>
    <ClCompile Include="..\..\..\..\src\cpp\hla13\src\utils\Logger.cpp">
      <Filter>Source Files\utils</Filter>
    </ClCompile>
  </ItemGroup>
  <ItemGroup>
    <ResourceCompile Include="..\..\..\..\src\cpp\hla13\src\version.rc">
      <Filter>Resource Files</Filter>
    </ResourceCompile>
  </ItemGroup>
</Project>